
Microsoft Visual Studio Solution File, Format Version 12.00
# Visual Studio Version 16
VisualStudioVersion = 16.0.29613.14
MinimumVisualStudioVersion = 10.0.40219.1
Project("{FAE04EC0-301F-11D3-BF4B-00C04F79EFBC}") = "Gallery.WEB", "Gallery\Gallery.WEB.csproj", "{E76E5688-D1BF-4A32-A1F7-A60FDE241936}"
EndProject
Project("{FAE04EC0-301F-11D3-BF4B-00C04F79EFBC}") = "Gallery.DAL", "Gallery.DAL\Gallery.DAL.csproj", "{5E2F7B68-9A3D-4218-80CF-5B5B4E61430C}"
EndProject
Project("{FAE04EC0-301F-11D3-BF4B-00C04F79EFBC}") = "Gallery.BLL", "Gallery.BLL\Gallery.BLL.csproj", "{1C1497C5-C9E9-4A17-BB85-18425C6D31C3}"
EndProject
Project("{9A19103F-16F7-4668-BE54-9A1E7A4F7556}") = "FileSystemStorage", "FileSystemStorage\FileSystemStorage.csproj", "{E85C83C3-DDE6-4E77-89BD-EF9A912DE449}"
EndProject
Project("{2150E333-8FDC-42A3-9474-1A3956D46DE8}") = "Testing", "Testing", "{7ED5CA38-1176-4C0A-9CA0-9A2EA6EAD907}"
EndProject
Project("{9A19103F-16F7-4668-BE54-9A1E7A4F7556}") = "FileSystemStorage.Testing", "Testing\FileSystemStorage.Testing\FileSystemStorage.Testing.csproj", "{69531660-7813-473D-AFBB-432F09C03868}"
EndProject
Project("{FAE04EC0-301F-11D3-BF4B-00C04F79EFBC}") = "Gallery.Worker", "Gallery.Worker\Gallery.Worker.csproj", "{7FF92D4F-2D8E-4C07-878C-098DC0B18A19}"
EndProject
Project("{FAE04EC0-301F-11D3-BF4B-00C04F79EFBC}") = "Gallery.MQ", "Gallery.MQ\Gallery.MQ.csproj", "{471AE6F5-C8EC-40BB-BAE8-CB5D56CF8F7B}"
EndProject
Project("{FAE04EC0-301F-11D3-BF4B-00C04F79EFBC}") = "Gallery.Configurations", "Gallery.Configurations\Gallery.Configurations.csproj", "{2AF7D5E5-DF55-4B2C-863A-5E72AE8A64CD}"
EndProject
Project("{FAE04EC0-301F-11D3-BF4B-00C04F79EFBC}") = "Gallery.Autofac", "Gallery.Autofac\Gallery.Autofac.csproj", "{50ADF3AC-F427-4360-B4D7-AD2FEBC218D7}"
EndProject
Project("{FAE04EC0-301F-11D3-BF4B-00C04F79EFBC}") = "Gallery.RMQ", "Gallery.RMQ\Gallery.RMQ.csproj", "{390A6F2E-7471-4E43-AF4E-67AF630442C0}"
EndProject
Project("{FAE04EC0-301F-11D3-BF4B-00C04F79EFBC}") = "Gallery.MSMQ", "Gallery.MSMQ\Gallery.MSMQ.csproj", "{4CEB5E09-CE97-400E-A8FB-267FAC31DE12}"
EndProject
Project("{FAE04EC0-301F-11D3-BF4B-00C04F79EFBC}") = "Gallery.ASQ", "Gallery.ASQ\Gallery.ASQ.csproj", "{F8E0A0A0-4C50-42EC-B81E-0188088D11CD}"
EndProject
Global
	GlobalSection(SolutionConfigurationPlatforms) = preSolution
		Debug|Any CPU = Debug|Any CPU
		Production|Any CPU = Production|Any CPU
		Release|Any CPU = Release|Any CPU
		Staging|Any CPU = Staging|Any CPU
		Testing|Any CPU = Testing|Any CPU
	EndGlobalSection
	GlobalSection(ProjectConfigurationPlatforms) = postSolution
		{E76E5688-D1BF-4A32-A1F7-A60FDE241936}.Debug|Any CPU.ActiveCfg = Debug|Any CPU
		{E76E5688-D1BF-4A32-A1F7-A60FDE241936}.Debug|Any CPU.Build.0 = Debug|Any CPU
		{E76E5688-D1BF-4A32-A1F7-A60FDE241936}.Production|Any CPU.ActiveCfg = Release|Any CPU
		{E76E5688-D1BF-4A32-A1F7-A60FDE241936}.Production|Any CPU.Build.0 = Release|Any CPU
		{E76E5688-D1BF-4A32-A1F7-A60FDE241936}.Release|Any CPU.ActiveCfg = Release|Any CPU
		{E76E5688-D1BF-4A32-A1F7-A60FDE241936}.Release|Any CPU.Build.0 = Release|Any CPU
		{E76E5688-D1BF-4A32-A1F7-A60FDE241936}.Staging|Any CPU.ActiveCfg = Staging|Any CPU
		{E76E5688-D1BF-4A32-A1F7-A60FDE241936}.Staging|Any CPU.Build.0 = Staging|Any CPU
		{E76E5688-D1BF-4A32-A1F7-A60FDE241936}.Testing|Any CPU.ActiveCfg = Testing|Any CPU
		{E76E5688-D1BF-4A32-A1F7-A60FDE241936}.Testing|Any CPU.Build.0 = Testing|Any CPU
		{5E2F7B68-9A3D-4218-80CF-5B5B4E61430C}.Debug|Any CPU.ActiveCfg = Debug|Any CPU
		{5E2F7B68-9A3D-4218-80CF-5B5B4E61430C}.Debug|Any CPU.Build.0 = Debug|Any CPU
		{5E2F7B68-9A3D-4218-80CF-5B5B4E61430C}.Production|Any CPU.ActiveCfg = Release|Any CPU
		{5E2F7B68-9A3D-4218-80CF-5B5B4E61430C}.Production|Any CPU.Build.0 = Release|Any CPU
		{5E2F7B68-9A3D-4218-80CF-5B5B4E61430C}.Release|Any CPU.ActiveCfg = Release|Any CPU
		{5E2F7B68-9A3D-4218-80CF-5B5B4E61430C}.Release|Any CPU.Build.0 = Release|Any CPU
		{5E2F7B68-9A3D-4218-80CF-5B5B4E61430C}.Staging|Any CPU.ActiveCfg = Staging|Any CPU
		{5E2F7B68-9A3D-4218-80CF-5B5B4E61430C}.Staging|Any CPU.Build.0 = Staging|Any CPU
		{5E2F7B68-9A3D-4218-80CF-5B5B4E61430C}.Testing|Any CPU.ActiveCfg = Testing|Any CPU
		{5E2F7B68-9A3D-4218-80CF-5B5B4E61430C}.Testing|Any CPU.Build.0 = Testing|Any CPU
		{1C1497C5-C9E9-4A17-BB85-18425C6D31C3}.Debug|Any CPU.ActiveCfg = Debug|Any CPU
		{1C1497C5-C9E9-4A17-BB85-18425C6D31C3}.Debug|Any CPU.Build.0 = Debug|Any CPU
		{1C1497C5-C9E9-4A17-BB85-18425C6D31C3}.Production|Any CPU.ActiveCfg = Release|Any CPU
		{1C1497C5-C9E9-4A17-BB85-18425C6D31C3}.Production|Any CPU.Build.0 = Release|Any CPU
		{1C1497C5-C9E9-4A17-BB85-18425C6D31C3}.Release|Any CPU.ActiveCfg = Release|Any CPU
		{1C1497C5-C9E9-4A17-BB85-18425C6D31C3}.Release|Any CPU.Build.0 = Release|Any CPU
		{1C1497C5-C9E9-4A17-BB85-18425C6D31C3}.Staging|Any CPU.ActiveCfg = Staging|Any CPU
		{1C1497C5-C9E9-4A17-BB85-18425C6D31C3}.Staging|Any CPU.Build.0 = Staging|Any CPU
		{1C1497C5-C9E9-4A17-BB85-18425C6D31C3}.Testing|Any CPU.ActiveCfg = Testing|Any CPU
		{1C1497C5-C9E9-4A17-BB85-18425C6D31C3}.Testing|Any CPU.Build.0 = Testing|Any CPU
		{E85C83C3-DDE6-4E77-89BD-EF9A912DE449}.Debug|Any CPU.ActiveCfg = Debug|Any CPU
		{E85C83C3-DDE6-4E77-89BD-EF9A912DE449}.Debug|Any CPU.Build.0 = Debug|Any CPU
		{E85C83C3-DDE6-4E77-89BD-EF9A912DE449}.Production|Any CPU.ActiveCfg = Release|Any CPU
		{E85C83C3-DDE6-4E77-89BD-EF9A912DE449}.Production|Any CPU.Build.0 = Release|Any CPU
		{E85C83C3-DDE6-4E77-89BD-EF9A912DE449}.Release|Any CPU.ActiveCfg = Release|Any CPU
		{E85C83C3-DDE6-4E77-89BD-EF9A912DE449}.Release|Any CPU.Build.0 = Release|Any CPU
		{E85C83C3-DDE6-4E77-89BD-EF9A912DE449}.Staging|Any CPU.ActiveCfg = Staging|Any CPU
		{E85C83C3-DDE6-4E77-89BD-EF9A912DE449}.Staging|Any CPU.Build.0 = Staging|Any CPU
		{E85C83C3-DDE6-4E77-89BD-EF9A912DE449}.Testing|Any CPU.ActiveCfg = Testing|Any CPU
		{E85C83C3-DDE6-4E77-89BD-EF9A912DE449}.Testing|Any CPU.Build.0 = Testing|Any CPU
		{69531660-7813-473D-AFBB-432F09C03868}.Debug|Any CPU.ActiveCfg = Debug|Any CPU
		{69531660-7813-473D-AFBB-432F09C03868}.Debug|Any CPU.Build.0 = Debug|Any CPU
		{69531660-7813-473D-AFBB-432F09C03868}.Production|Any CPU.ActiveCfg = Release|Any CPU
		{69531660-7813-473D-AFBB-432F09C03868}.Production|Any CPU.Build.0 = Release|Any CPU
		{69531660-7813-473D-AFBB-432F09C03868}.Release|Any CPU.ActiveCfg = Release|Any CPU
		{69531660-7813-473D-AFBB-432F09C03868}.Release|Any CPU.Build.0 = Release|Any CPU
		{69531660-7813-473D-AFBB-432F09C03868}.Staging|Any CPU.ActiveCfg = Staging|Any CPU
		{69531660-7813-473D-AFBB-432F09C03868}.Staging|Any CPU.Build.0 = Staging|Any CPU
		{69531660-7813-473D-AFBB-432F09C03868}.Testing|Any CPU.ActiveCfg = Testing|Any CPU
		{69531660-7813-473D-AFBB-432F09C03868}.Testing|Any CPU.Build.0 = Testing|Any CPU
		{7FF92D4F-2D8E-4C07-878C-098DC0B18A19}.Debug|Any CPU.ActiveCfg = Debug|Any CPU
		{7FF92D4F-2D8E-4C07-878C-098DC0B18A19}.Debug|Any CPU.Build.0 = Debug|Any CPU
		{7FF92D4F-2D8E-4C07-878C-098DC0B18A19}.Production|Any CPU.ActiveCfg = Release|Any CPU
		{7FF92D4F-2D8E-4C07-878C-098DC0B18A19}.Production|Any CPU.Build.0 = Release|Any CPU
		{7FF92D4F-2D8E-4C07-878C-098DC0B18A19}.Release|Any CPU.ActiveCfg = Release|Any CPU
		{7FF92D4F-2D8E-4C07-878C-098DC0B18A19}.Release|Any CPU.Build.0 = Release|Any CPU
		{7FF92D4F-2D8E-4C07-878C-098DC0B18A19}.Staging|Any CPU.ActiveCfg = Staging|Any CPU
		{7FF92D4F-2D8E-4C07-878C-098DC0B18A19}.Staging|Any CPU.Build.0 = Staging|Any CPU
		{7FF92D4F-2D8E-4C07-878C-098DC0B18A19}.Testing|Any CPU.ActiveCfg = Testing|Any CPU
		{7FF92D4F-2D8E-4C07-878C-098DC0B18A19}.Testing|Any CPU.Build.0 = Testing|Any CPU
		{471AE6F5-C8EC-40BB-BAE8-CB5D56CF8F7B}.Debug|Any CPU.ActiveCfg = Debug|Any CPU
		{471AE6F5-C8EC-40BB-BAE8-CB5D56CF8F7B}.Debug|Any CPU.Build.0 = Debug|Any CPU
		{471AE6F5-C8EC-40BB-BAE8-CB5D56CF8F7B}.Production|Any CPU.ActiveCfg = Release|Any CPU
		{471AE6F5-C8EC-40BB-BAE8-CB5D56CF8F7B}.Production|Any CPU.Build.0 = Release|Any CPU
		{471AE6F5-C8EC-40BB-BAE8-CB5D56CF8F7B}.Release|Any CPU.ActiveCfg = Release|Any CPU
		{471AE6F5-C8EC-40BB-BAE8-CB5D56CF8F7B}.Release|Any CPU.Build.0 = Release|Any CPU
		{471AE6F5-C8EC-40BB-BAE8-CB5D56CF8F7B}.Staging|Any CPU.ActiveCfg = Staging|Any CPU
		{471AE6F5-C8EC-40BB-BAE8-CB5D56CF8F7B}.Staging|Any CPU.Build.0 = Staging|Any CPU
		{471AE6F5-C8EC-40BB-BAE8-CB5D56CF8F7B}.Testing|Any CPU.ActiveCfg = Testing|Any CPU
		{471AE6F5-C8EC-40BB-BAE8-CB5D56CF8F7B}.Testing|Any CPU.Build.0 = Testing|Any CPU
		{2AF7D5E5-DF55-4B2C-863A-5E72AE8A64CD}.Debug|Any CPU.ActiveCfg = Debug|Any CPU
		{2AF7D5E5-DF55-4B2C-863A-5E72AE8A64CD}.Debug|Any CPU.Build.0 = Debug|Any CPU
		{2AF7D5E5-DF55-4B2C-863A-5E72AE8A64CD}.Production|Any CPU.ActiveCfg = Release|Any CPU
		{2AF7D5E5-DF55-4B2C-863A-5E72AE8A64CD}.Production|Any CPU.Build.0 = Release|Any CPU
		{2AF7D5E5-DF55-4B2C-863A-5E72AE8A64CD}.Release|Any CPU.ActiveCfg = Release|Any CPU
		{2AF7D5E5-DF55-4B2C-863A-5E72AE8A64CD}.Release|Any CPU.Build.0 = Release|Any CPU
		{2AF7D5E5-DF55-4B2C-863A-5E72AE8A64CD}.Staging|Any CPU.ActiveCfg = Staging|Any CPU
		{2AF7D5E5-DF55-4B2C-863A-5E72AE8A64CD}.Staging|Any CPU.Build.0 = Staging|Any CPU
		{2AF7D5E5-DF55-4B2C-863A-5E72AE8A64CD}.Testing|Any CPU.ActiveCfg = Testing|Any CPU
		{2AF7D5E5-DF55-4B2C-863A-5E72AE8A64CD}.Testing|Any CPU.Build.0 = Testing|Any CPU
		{50ADF3AC-F427-4360-B4D7-AD2FEBC218D7}.Debug|Any CPU.ActiveCfg = Debug|Any CPU
		{50ADF3AC-F427-4360-B4D7-AD2FEBC218D7}.Debug|Any CPU.Build.0 = Debug|Any CPU
		{50ADF3AC-F427-4360-B4D7-AD2FEBC218D7}.Production|Any CPU.ActiveCfg = Release|Any CPU
		{50ADF3AC-F427-4360-B4D7-AD2FEBC218D7}.Production|Any CPU.Build.0 = Release|Any CPU
		{50ADF3AC-F427-4360-B4D7-AD2FEBC218D7}.Release|Any CPU.ActiveCfg = Release|Any CPU
		{50ADF3AC-F427-4360-B4D7-AD2FEBC218D7}.Release|Any CPU.Build.0 = Release|Any CPU
		{50ADF3AC-F427-4360-B4D7-AD2FEBC218D7}.Staging|Any CPU.ActiveCfg = Staging|Any CPU
		{50ADF3AC-F427-4360-B4D7-AD2FEBC218D7}.Staging|Any CPU.Build.0 = Staging|Any CPU
		{50ADF3AC-F427-4360-B4D7-AD2FEBC218D7}.Testing|Any CPU.ActiveCfg = Testing|Any CPU
		{50ADF3AC-F427-4360-B4D7-AD2FEBC218D7}.Testing|Any CPU.Build.0 = Testing|Any CPU
		{390A6F2E-7471-4E43-AF4E-67AF630442C0}.Debug|Any CPU.ActiveCfg = Debug|Any CPU
		{390A6F2E-7471-4E43-AF4E-67AF630442C0}.Debug|Any CPU.Build.0 = Debug|Any CPU
		{390A6F2E-7471-4E43-AF4E-67AF630442C0}.Production|Any CPU.ActiveCfg = Release|Any CPU
		{390A6F2E-7471-4E43-AF4E-67AF630442C0}.Production|Any CPU.Build.0 = Release|Any CPU
		{390A6F2E-7471-4E43-AF4E-67AF630442C0}.Release|Any CPU.ActiveCfg = Release|Any CPU
		{390A6F2E-7471-4E43-AF4E-67AF630442C0}.Release|Any CPU.Build.0 = Release|Any CPU
		{390A6F2E-7471-4E43-AF4E-67AF630442C0}.Staging|Any CPU.ActiveCfg = Staging|Any CPU
		{390A6F2E-7471-4E43-AF4E-67AF630442C0}.Staging|Any CPU.Build.0 = Staging|Any CPU
		{390A6F2E-7471-4E43-AF4E-67AF630442C0}.Testing|Any CPU.ActiveCfg = Testing|Any CPU
		{390A6F2E-7471-4E43-AF4E-67AF630442C0}.Testing|Any CPU.Build.0 = Testing|Any CPU
		{4CEB5E09-CE97-400E-A8FB-267FAC31DE12}.Debug|Any CPU.ActiveCfg = Debug|Any CPU
		{4CEB5E09-CE97-400E-A8FB-267FAC31DE12}.Debug|Any CPU.Build.0 = Debug|Any CPU
		{4CEB5E09-CE97-400E-A8FB-267FAC31DE12}.Production|Any CPU.ActiveCfg = Release|Any CPU
		{4CEB5E09-CE97-400E-A8FB-267FAC31DE12}.Production|Any CPU.Build.0 = Release|Any CPU
		{4CEB5E09-CE97-400E-A8FB-267FAC31DE12}.Release|Any CPU.ActiveCfg = Release|Any CPU
		{4CEB5E09-CE97-400E-A8FB-267FAC31DE12}.Release|Any CPU.Build.0 = Release|Any CPU
		{4CEB5E09-CE97-400E-A8FB-267FAC31DE12}.Staging|Any CPU.ActiveCfg = Staging|Any CPU
		{4CEB5E09-CE97-400E-A8FB-267FAC31DE12}.Staging|Any CPU.Build.0 = Staging|Any CPU
		{4CEB5E09-CE97-400E-A8FB-267FAC31DE12}.Testing|Any CPU.ActiveCfg = Testing|Any CPU
		{4CEB5E09-CE97-400E-A8FB-267FAC31DE12}.Testing|Any CPU.Build.0 = Testing|Any CPU
		{F8E0A0A0-4C50-42EC-B81E-0188088D11CD}.Debug|Any CPU.ActiveCfg = Debug|Any CPU
		{F8E0A0A0-4C50-42EC-B81E-0188088D11CD}.Debug|Any CPU.Build.0 = Debug|Any CPU
		{F8E0A0A0-4C50-42EC-B81E-0188088D11CD}.Production|Any CPU.ActiveCfg = Release|Any CPU
		{F8E0A0A0-4C50-42EC-B81E-0188088D11CD}.Production|Any CPU.Build.0 = Release|Any CPU
		{F8E0A0A0-4C50-42EC-B81E-0188088D11CD}.Release|Any CPU.ActiveCfg = Release|Any CPU
		{F8E0A0A0-4C50-42EC-B81E-0188088D11CD}.Release|Any CPU.Build.0 = Release|Any CPU
		{F8E0A0A0-4C50-42EC-B81E-0188088D11CD}.Staging|Any CPU.ActiveCfg = Release|Any CPU
		{F8E0A0A0-4C50-42EC-B81E-0188088D11CD}.Staging|Any CPU.Build.0 = Release|Any CPU
		{F8E0A0A0-4C50-42EC-B81E-0188088D11CD}.Testing|Any CPU.ActiveCfg = Release|Any CPU
		{F8E0A0A0-4C50-42EC-B81E-0188088D11CD}.Testing|Any CPU.Build.0 = Release|Any CPU
	EndGlobalSection
	GlobalSection(SolutionProperties) = preSolution
		HideSolutionNode = FALSE
	EndGlobalSection
	GlobalSection(NestedProjects) = preSolution
		{69531660-7813-473D-AFBB-432F09C03868} = {7ED5CA38-1176-4C0A-9CA0-9A2EA6EAD907}
	EndGlobalSection
	GlobalSection(ExtensibilityGlobals) = postSolution
		SolutionGuid = {5C342EEB-85BF-4CC9-8299-40E419844E5B}
	EndGlobalSection
EndGlobal
